
Microsoft Visual Studio Solution File, Format Version 12.00
# Visual Studio Version 16
VisualStudioVersion = 16.0.30413.136
MinimumVisualStudioVersion = 10.0.40219.1
Project("{FAE04EC0-301F-11D3-BF4B-00C04F79EFBC}") = "GuestHouse", "GuestHouse\GuestHouse.csproj", "{1D663A28-2497-4277-B4D8-5596D7814BA8}"
EndProject
Project("{00D1A9C2-B5F0-4AF3-8072-F6C62B433612}") = "GuestHouseDB", "GuestHouseDB\GuestHouseDB.sqlproj", "{DA4B8BF1-3D68-4948-921B-1D0484D40A32}"
EndProject
Global
	GlobalSection(SolutionConfigurationPlatforms) = preSolution
		Debug|Any CPU = Debug|Any CPU
		Release|Any CPU = Release|Any CPU
	EndGlobalSection
	GlobalSection(ProjectConfigurationPlatforms) = postSolution
		{1D663A28-2497-4277-B4D8-5596D7814BA8}.Debug|Any CPU.ActiveCfg = Debug|Any CPU
		{1D663A28-2497-4277-B4D8-5596D7814BA8}.Debug|Any CPU.Build.0 = Debug|Any CPU
		{1D663A28-2497-4277-B4D8-5596D7814BA8}.Release|Any CPU.ActiveCfg = Release|Any CPU
		{1D663A28-2497-4277-B4D8-5596D7814BA8}.Release|Any CPU.Build.0 = Release|Any CPU
		{DA4B8BF1-3D68-4948-921B-1D0484D40A32}.Debug|Any CPU.ActiveCfg = Debug|Any CPU
		{DA4B8BF1-3D68-4948-921B-1D0484D40A32}.Debug|Any CPU.Build.0 = Debug|Any CPU
		{DA4B8BF1-3D68-4948-921B-1D0484D40A32}.Debug|Any CPU.Deploy.0 = Debug|Any CPU
		{DA4B8BF1-3D68-4948-921B-1D0484D40A32}.Release|Any CPU.ActiveCfg = Release|Any CPU
		{DA4B8BF1-3D68-4948-921B-1D0484D40A32}.Release|Any CPU.Build.0 = Release|Any CPU
		{DA4B8BF1-3D68-4948-921B-1D0484D40A32}.Release|Any CPU.Deploy.0 = Release|Any CPU
	EndGlobalSection
	GlobalSection(SolutionProperties) = preSolution
		HideSolutionNode = FALSE
	EndGlobalSection
	GlobalSection(ExtensibilityGlobals) = postSolution
		SolutionGuid = {B36D2BE0-751B-4F57-B026-8C3B16F8FF3F}
	EndGlobalSection
EndGlobal
